
Microsoft Visual Studio Solution File, Format Version 12.00
# Visual Studio Version 16
VisualStudioVersion = 16.0.32106.194
MinimumVisualStudioVersion = 10.0.40219.1
Project("{FAE04EC0-301F-11D3-BF4B-00C04F79EFBC}") = "OOPAndFiles", "OOPAndFiles\OOPAndFiles.csproj", "{8BE5224C-137E-40D3-9732-58E89A095A9F}"
EndProject
Project("{FAE04EC0-301F-11D3-BF4B-00C04F79EFBC}") = "Frozen", "Frozen\Frozen.csproj", "{80DBEACE-CB02-42C0-A0AB-E03F101D6A9B}"
EndProject
Global
	GlobalSection(SolutionConfigurationPlatforms) = preSolution
		Debug|Any CPU = Debug|Any CPU
		Release|Any CPU = Release|Any CPU
	EndGlobalSection
	GlobalSection(ProjectConfigurationPlatforms) = postSolution
		{8BE5224C-137E-40D3-9732-58E89A095A9F}.Debug|Any CPU.ActiveCfg = Debug|Any CPU
		{8BE5224C-137E-40D3-9732-58E89A095A9F}.Debug|Any CPU.Build.0 = Debug|Any CPU
		{8BE5224C-137E-40D3-9732-58E89A095A9F}.Release|Any CPU.ActiveCfg = Release|Any CPU
		{8BE5224C-137E-40D3-9732-58E89A095A9F}.Release|Any CPU.Build.0 = Release|Any CPU
		{80DBEACE-CB02-42C0-A0AB-E03F101D6A9B}.Debug|Any CPU.ActiveCfg = Debug|Any CPU
		{80DBEACE-CB02-42C0-A0AB-E03F101D6A9B}.Debug|Any CPU.Build.0 = Debug|Any CPU
		{80DBEACE-CB02-42C0-A0AB-E03F101D6A9B}.Release|Any CPU.ActiveCfg = Release|Any CPU
		{80DBEACE-CB02-42C0-A0AB-E03F101D6A9B}.Release|Any CPU.Build.0 = Release|Any CPU
	EndGlobalSection
	GlobalSection(SolutionProperties) = preSolution
		HideSolutionNode = FALSE
	EndGlobalSection
	GlobalSection(ExtensibilityGlobals) = postSolution
		SolutionGuid = {7806FC89-A114-4D24-B6EF-D8DA885730E2}
	EndGlobalSection
EndGlobal
